<?xml version="1.0" encoding="UTF-8"?>
<Scheme
   LastUpgradeVersion = "1620"
   version = "1.7">
   <BuildAction
      parallelizeBuildables = "YES"
      buildImplicitDependencies = "YES"
      buildArchitectures = "Automatic">
      <BuildActionEntries>
         <BuildActionEntry
            buildForTesting = "YES"
            buildForRunning = "YES"
            buildForProfiling = "YES"
            buildForArchiving = "YES"
            buildForAnalyzing = "YES">
            <BuildableReference
               BuildableIdentifier = "primary"
               BlueprintIdentifier = "8CD612AB728139FE331B07E2"
               BuildableName = "Dwell.app"
               BlueprintName = "Dwell"
               ReferencedContainer = "container:Dwell.xcodeproj">
            </BuildableReference>
         </BuildActionEntry>
      </BuildActionEntries>
   </BuildAction>
   <TestAction
      buildConfiguration = "Debug"
      selectedDebuggerIdentifier = "Xcode.DebuggerFoundation.Debugger.LLDB"
      selectedLauncherIdentifier = "Xcode.DebuggerFoundation.Launcher.LLDB"
      shouldUseLaunchSchemeArgsEnv = "YES"
      shouldAutocreateTestPlan = "YES">
   </TestAction>
   <LaunchAction
      buildConfiguration = "Debug"
      selectedDebuggerIdentifier = "Xcode.DebuggerFoundation.Debugger.LLDB"
      selectedLauncherIdentifier = "Xcode.DebuggerFoundation.Launcher.LLDB"
      launchStyle = "0"
      useCustomWorkingDirectory = "NO"
      ignoresPersistentStateOnLaunch = "NO"
      debugDocumentVersioning = "YES"
      debugServiceExtension = "internal"
      allowLocationSimulation = "YES">
      <BuildableProductRunnable
         runnableDebuggingMode = "0">
         <BuildableReference
            BuildableIdentifier = "primary"
            BlueprintIdentifier = "8CD612AB728139FE331B07E2"
            BuildableName = "Dwell.app"
            BlueprintName = "Dwell"
            ReferencedContainer = "container:Dwell.xcodeproj">
         </BuildableReference>
      </BuildableProductRunnable>
      <EnvironmentVariables>
         <EnvironmentVariable
            key = "FIREBASE_API_KEY"
            value = "AIzaSyDNbIoAG911CgaZ88w9TIECkEiMQ_Or88Q"
            isEnabled = "YES">
         </EnvironmentVariable>
         <EnvironmentVariable
            key = "FIREBASE_APP_ID"
            value = "1:648767076279:ios:69c881aafc421a23d6da32"
            isEnabled = "YES">
         </EnvironmentVariable>
         <EnvironmentVariable
            key = "FIREBASE_GCM_SENDER_ID"
            value = "648767076279"
            isEnabled = "YES">
         </EnvironmentVariable>
         <EnvironmentVariable
            key = "FIREBASE_PROJECT_ID"
            value = "dwell-app-8cfa8"
            isEnabled = "YES">
         </EnvironmentVariable>
         <EnvironmentVariable
            key = "FIREBASE_STORAGE_BUCKET"
            value = "dwell-app-8cfa8.firebasestorage.app"
            isEnabled = "YES">
         </EnvironmentVariable>
      </EnvironmentVariables>
   </LaunchAction>
   <ProfileAction
      buildConfiguration = "Release"
      shouldUseLaunchSchemeArgsEnv = "YES"
      savedToolIdentifier = ""
      useCustomWorkingDirectory = "NO"
      debugDocumentVersioning = "YES">
      <BuildableProductRunnable
         runnableDebuggingMode = "0">
         <BuildableReference
            BuildableIdentifier = "primary"
            BlueprintIdentifier = "8CD612AB728139FE331B07E2"
            BuildableName = "Dwell.app"
            BlueprintName = "Dwell"
            ReferencedContainer = "container:Dwell.xcodeproj">
         </BuildableReference>
      </BuildableProductRunnable>
   </ProfileAction>
   <AnalyzeAction
      buildConfiguration = "Debug">
   </AnalyzeAction>
   <ArchiveAction
      buildConfiguration = "Release"
      revealArchiveInOrganizer = "YES">
   </ArchiveAction>
</Scheme>
