// !$*UTF8*$!
{
	archiveVersion = 1;
	classes = {
	};
	objectVersion = 54;
	objects = {

/* Begin PBXBuildFile section */
		087109FB0764197B4A0ACF74 /* Property.swift in Sources */ = {isa = PBXBuildFile; fileRef = F329338CFEFDD4A113F24719 /* Property.swift */; };
		18D33D3E410BF50E3FDF9DAF /* Assets.xcassets in Resources */ = {isa = PBXBuildFile; fileRef = 20F3E659C943ABD14E9338CA /* Assets.xcassets */; };
		1A198D860247D8F20A8C0895 /* PropertyViewModel.swift in Sources */ = {isa = PBXBuildFile; fileRef = A1FC35001051ED64C6B78602 /* PropertyViewModel.swift */; };
		35FA61F372C1226799E0CBC9 /* Message.swift in Sources */ = {isa = PBXBuildFile; fileRef = FDF45122BB938591A2A3AA41 /* Message.swift */; };
		37C21E20BF0A2CC17DF2FF5D /* FirebaseFirestoreSwift in Frameworks */ = {isa = PBXBuildFile; productRef = 2D579C2D5EA37C5AF669D5AE /* FirebaseFirestoreSwift */; };
		3914B6297DD0147D47CB257A /* FavoritesView.swift in Sources */ = {isa = PBXBuildFile; fileRef = 5FD1185465F46C514C0C1EB7 /* FavoritesView.swift */; };
		3A9669E41AE2AEC9019B8902 /* MessagingViewModel.swift in Sources */ = {isa = PBXBuildFile; fileRef = AB110B20C8AD1D0302981F1D /* MessagingViewModel.swift */; };
		54E2D22D02042FFDEF4544FE /* UploadPropertyView.swift in Sources */ = {isa = PBXBuildFile; fileRef = A956998CC6385E5C2FFCF50A /* UploadPropertyView.swift */; };
		54FF93A3605E5EAFBD816CE9 /* Components in Resources */ = {isa = PBXBuildFile; fileRef = FD8CD5D5B02ADB09EE2AE771 /* Components */; };
		5CCA056BE16BAFBF46814EA5 /* PropertyCard.swift in Sources */ = {isa = PBXBuildFile; fileRef = D7C0DB08F76759299F2C1E07 /* PropertyCard.swift */; };
		69D68BBF6C6B396E34FEA135 /* AuthService.swift in Sources */ = {isa = PBXBuildFile; fileRef = BC39ECC1470B84517668CC93 /* AuthService.swift */; };
		70E9217A52F88F784B489947 /* VideoPlayerViewModel.swift in Sources */ = {isa = PBXBuildFile; fileRef = 0D69F18FB30E6C48F432084C /* VideoPlayerViewModel.swift */; };
		72983826B963666796BE4F5A /* LoginView.swift in Sources */ = {isa = PBXBuildFile; fileRef = E61B3CD8B2AE95FE77DAB47E /* LoginView.swift */; };
		82C088B4F0EF4292A0FBC0E7 /* FirebaseFirestore in Frameworks */ = {isa = PBXBuildFile; productRef = 518EC8BFFC18E0F5FBF5330F /* FirebaseFirestore */; };
		8889DEF6385BF417A5633388 /* AuthViewModel.swift in Sources */ = {isa = PBXBuildFile; fileRef = 5F75AE944B5D992124CFCA36 /* AuthViewModel.swift */; };
		8D60CDD283843800EC792083 /* User.swift in Sources */ = {isa = PBXBuildFile; fileRef = 986F20FABFED12F4B8CF398C /* User.swift */; };
		945CDF7FBC4178F4CEE1057D /* VideoService.swift in Sources */ = {isa = PBXBuildFile; fileRef = 9B074E76041E9EC7204CF7CB /* VideoService.swift */; };
		9A6FBCBBAAB7716C7A140A70 /* RangeSlider.swift in Sources */ = {isa = PBXBuildFile; fileRef = 5E40D381A309E5C90871183C /* RangeSlider.swift */; };
		9B5F57ED973F24EBAD961F0D /* SearchView.swift in Sources */ = {isa = PBXBuildFile; fileRef = 709827796D1507B16A6BE1D2 /* SearchView.swift */; };
		B23E84215A48721BAFA532AD /* FeedView.swift in Sources */ = {isa = PBXBuildFile; fileRef = C1A4A333DE7FAED1A051D213 /* FeedView.swift */; };
		B5403C1ECB817C1974B31CAE /* Preview Content in Resources */ = {isa = PBXBuildFile; fileRef = D6454136BE477F8A1AFE03C2 /* Preview Content */; };
		BD7104F38EE123D9D94DE7A0 /* ContentView.swift in Sources */ = {isa = PBXBuildFile; fileRef = 0CB34B1D11B2EA1ECABF548B /* ContentView.swift */; };
		C09A1D1C116D5BDB8EE649F1 /* ProfileView.swift in Sources */ = {isa = PBXBuildFile; fileRef = CC912AC210CDEA1876683890 /* ProfileView.swift */; };
		C1879154A29B35E802AC8EC7 /* MessagingView.swift in Sources */ = {isa = PBXBuildFile; fileRef = C2F09ECEFD7C7241D359B4FE /* MessagingView.swift */; };
		C716B916EA828F6DF058C0A1 /* StorageService.swift in Sources */ = {isa = PBXBuildFile; fileRef = 903C0865EA7C9B21F527AD2B /* StorageService.swift */; };
		C909366183BCB277A5BDFA32 /* FirebaseStorage in Frameworks */ = {isa = PBXBuildFile; productRef = F4E10EDAB954E43E0FC61236 /* FirebaseStorage */; };
		CA7205119F9CAEF49F44801F /* PropertyDetailView.swift in Sources */ = {isa = PBXBuildFile; fileRef = 550A0C25BF6BBAD6428D3FFA /* PropertyDetailView.swift */; };
		CBEAEE7D4ADC69A9F631B188 /* ForgotPasswordView.swift in Sources */ = {isa = PBXBuildFile; fileRef = 2AF494B7D6C54F65443223AA /* ForgotPasswordView.swift */; };
		D26E8987C5192EAC47794451 /* ProfileViewModel.swift in Sources */ = {isa = PBXBuildFile; fileRef = DA3092B5CC1DDBBAD95FB1AC /* ProfileViewModel.swift */; };
		DBE5D8FDE71A30640869FCDE /* SignUpView.swift in Sources */ = {isa = PBXBuildFile; fileRef = DEE797E7CB9C539AEFC9DBDF /* SignUpView.swift */; };
		E4141D5B96DEE26AB766A992 /* Dwell.swift in Sources */ = {isa = PBXBuildFile; fileRef = 34BBA9211280F18DA53EBD81 /* Dwell.swift */; };
		E604D992CEB9431BB17794DC /* FirebaseAuth in Frameworks */ = {isa = PBXBuildFile; productRef = 2CA3193FB1303DF9BD838F2E /* FirebaseAuth */; };
		E62A845023DE88CD2426D00E /* DatabaseService.swift in Sources */ = {isa = PBXBuildFile; fileRef = 33591C9F7538EF473BB3446B /* DatabaseService.swift */; };
		F49896E9059180271D741F20 /* GoogleService-Info.plist in Resources */ = {isa = PBXBuildFile; fileRef = 17ECE181BACD1DF13DA9B31B /* GoogleService-Info.plist */; };
		F746A3AF3252D7F46B76097B /* MainTabView.swift in Sources */ = {isa = PBXBuildFile; fileRef = 3677DAB15353510AEFB1955A /* MainTabView.swift */; };
/* End PBXBuildFile section */

/* Begin PBXFileReference section */
		0CB34B1D11B2EA1ECABF548B /* ContentView.swift */ = {isa = PBXFileReference; lastKnownFileType = sourcecode.swift; path = ContentView.swift; sourceTree = "<group>"; };
		0D69F18FB30E6C48F432084C /* VideoPlayerViewModel.swift */ = {isa = PBXFileReference; lastKnownFileType = sourcecode.swift; path = VideoPlayerViewModel.swift; sourceTree = "<group>"; };
		0F97366136E9DDD3F3DB383E /* Info.plist */ = {isa = PBXFileReference; lastKnownFileType = text.plist; path = Info.plist; sourceTree = "<group>"; };
		17ECE181BACD1DF13DA9B31B /* GoogleService-Info.plist */ = {isa = PBXFileReference; lastKnownFileType = text.plist; path = "GoogleService-Info.plist"; sourceTree = "<group>"; };
		1CFD4A03DFC3E003DF4BB3AC /* dwellapp.entitlements */ = {isa = PBXFileReference; lastKnownFileType = text.plist.entitlements; path = dwellapp.entitlements; sourceTree = "<group>"; };
		20F3E659C943ABD14E9338CA /* Assets.xcassets */ = {isa = PBXFileReference; lastKnownFileType = folder; name = Assets.xcassets; path = Sources/Assets.xcassets; sourceTree = SOURCE_ROOT; };
		2AF494B7D6C54F65443223AA /* ForgotPasswordView.swift */ = {isa = PBXFileReference; lastKnownFileType = sourcecode.swift; path = ForgotPasswordView.swift; sourceTree = "<group>"; };
		33591C9F7538EF473BB3446B /* DatabaseService.swift */ = {isa = PBXFileReference; lastKnownFileType = sourcecode.swift; path = DatabaseService.swift; sourceTree = "<group>"; };
		34BBA9211280F18DA53EBD81 /* Dwell.swift */ = {isa = PBXFileReference; lastKnownFileType = sourcecode.swift; path = Dwell.swift; sourceTree = "<group>"; };
		3677DAB15353510AEFB1955A /* MainTabView.swift */ = {isa = PBXFileReference; lastKnownFileType = sourcecode.swift; path = MainTabView.swift; sourceTree = "<group>"; };
		550A0C25BF6BBAD6428D3FFA /* PropertyDetailView.swift */ = {isa = PBXFileReference; lastKnownFileType = sourcecode.swift; path = PropertyDetailView.swift; sourceTree = "<group>"; };
		5E40D381A309E5C90871183C /* RangeSlider.swift */ = {isa = PBXFileReference; lastKnownFileType = sourcecode.swift; path = RangeSlider.swift; sourceTree = "<group>"; };
		5F75AE944B5D992124CFCA36 /* AuthViewModel.swift */ = {isa = PBXFileReference; lastKnownFileType = sourcecode.swift; path = AuthViewModel.swift; sourceTree = "<group>"; };
		5FD1185465F46C514C0C1EB7 /* FavoritesView.swift */ = {isa = PBXFileReference; lastKnownFileType = sourcecode.swift; path = FavoritesView.swift; sourceTree = "<group>"; };
		709827796D1507B16A6BE1D2 /* SearchView.swift */ = {isa = PBXFileReference; lastKnownFileType = sourcecode.swift; path = SearchView.swift; sourceTree = "<group>"; };
		903C0865EA7C9B21F527AD2B /* StorageService.swift */ = {isa = PBXFileReference; lastKnownFileType = sourcecode.swift; path = StorageService.swift; sourceTree = "<group>"; };
		986F20FABFED12F4B8CF398C /* User.swift */ = {isa = PBXFileReference; lastKnownFileType = sourcecode.swift; path = User.swift; sourceTree = "<group>"; };
		9B074E76041E9EC7204CF7CB /* VideoService.swift */ = {isa = PBXFileReference; lastKnownFileType = sourcecode.swift; path = VideoService.swift; sourceTree = "<group>"; };
		A1FC35001051ED64C6B78602 /* PropertyViewModel.swift */ = {isa = PBXFileReference; lastKnownFileType = sourcecode.swift; path = PropertyViewModel.swift; sourceTree = "<group>"; };
		A956998CC6385E5C2FFCF50A /* UploadPropertyView.swift */ = {isa = PBXFileReference; lastKnownFileType = sourcecode.swift; path = UploadPropertyView.swift; sourceTree = "<group>"; };
		AB110B20C8AD1D0302981F1D /* MessagingViewModel.swift */ = {isa = PBXFileReference; lastKnownFileType = sourcecode.swift; path = MessagingViewModel.swift; sourceTree = "<group>"; };
		BC39ECC1470B84517668CC93 /* AuthService.swift */ = {isa = PBXFileReference; lastKnownFileType = sourcecode.swift; path = AuthService.swift; sourceTree = "<group>"; };
		C1A4A333DE7FAED1A051D213 /* FeedView.swift */ = {isa = PBXFileReference; lastKnownFileType = sourcecode.swift; path = FeedView.swift; sourceTree = "<group>"; };
		C2F09ECEFD7C7241D359B4FE /* MessagingView.swift */ = {isa = PBXFileReference; lastKnownFileType = sourcecode.swift; path = MessagingView.swift; sourceTree = "<group>"; };
		CC912AC210CDEA1876683890 /* ProfileView.swift */ = {isa = PBXFileReference; lastKnownFileType = sourcecode.swift; path = ProfileView.swift; sourceTree = "<group>"; };
		D6454136BE477F8A1AFE03C2 /* Preview Content */ = {isa = PBXFileReference; lastKnownFileType = folder; name = "Preview Content"; path = "Sources/Preview Content"; sourceTree = SOURCE_ROOT; };
		D7C0DB08F76759299F2C1E07 /* PropertyCard.swift */ = {isa = PBXFileReference; lastKnownFileType = sourcecode.swift; path = PropertyCard.swift; sourceTree = "<group>"; };
		DA3092B5CC1DDBBAD95FB1AC /* ProfileViewModel.swift */ = {isa = PBXFileReference; lastKnownFileType = sourcecode.swift; path = ProfileViewModel.swift; sourceTree = "<group>"; };
		DE1A238AF197967B729DDE13 /* Dwell.app */ = {isa = PBXFileReference; includeInIndex = 0; lastKnownFileType = wrapper.application; path = Dwell.app; sourceTree = BUILT_PRODUCTS_DIR; };
		DEE797E7CB9C539AEFC9DBDF /* SignUpView.swift */ = {isa = PBXFileReference; lastKnownFileType = sourcecode.swift; path = SignUpView.swift; sourceTree = "<group>"; };
		E61B3CD8B2AE95FE77DAB47E /* LoginView.swift */ = {isa = PBXFileReference; lastKnownFileType = sourcecode.swift; path = LoginView.swift; sourceTree = "<group>"; };
		F329338CFEFDD4A113F24719 /* Property.swift */ = {isa = PBXFileReference; lastKnownFileType = sourcecode.swift; path = Property.swift; sourceTree = "<group>"; };
		FD8CD5D5B02ADB09EE2AE771 /* Components */ = {isa = PBXFileReference; lastKnownFileType = folder; name = Components; path = Sources/Views/Components; sourceTree = SOURCE_ROOT; };
		FDF45122BB938591A2A3AA41 /* Message.swift */ = {isa = PBXFileReference; lastKnownFileType = sourcecode.swift; path = Message.swift; sourceTree = "<group>"; };
/* End PBXFileReference section */

/* Begin PBXFrameworksBuildPhase section */
		B7DF1AA610BF3FBA9D5F58A1 /* Frameworks */ = {
			isa = PBXFrameworksBuildPhase;
			buildActionMask = 2147483647;
			files = (
				E604D992CEB9431BB17794DC /* FirebaseAuth in Frameworks */,
				82C088B4F0EF4292A0FBC0E7 /* FirebaseFirestore in Frameworks */,
				37C21E20BF0A2CC17DF2FF5D /* FirebaseFirestoreSwift in Frameworks */,
				C909366183BCB277A5BDFA32 /* FirebaseStorage in Frameworks */,
			);
			runOnlyForDeploymentPostprocessing = 0;
		};
/* End PBXFrameworksBuildPhase section */

/* Begin PBXGroup section */
		04D5D988BD4E79F3037964C4 /* ViewModels */ = {
			isa = PBXGroup;
			children = (
				5F75AE944B5D992124CFCA36 /* AuthViewModel.swift */,
				AB110B20C8AD1D0302981F1D /* MessagingViewModel.swift */,
				DA3092B5CC1DDBBAD95FB1AC /* ProfileViewModel.swift */,
				A1FC35001051ED64C6B78602 /* PropertyViewModel.swift */,
				0D69F18FB30E6C48F432084C /* VideoPlayerViewModel.swift */,
			);
			path = ViewModels;
			sourceTree = "<group>";
		};
		821452B812981CADC308C189 /* Services */ = {
			isa = PBXGroup;
			children = (
				BC39ECC1470B84517668CC93 /* AuthService.swift */,
				33591C9F7538EF473BB3446B /* DatabaseService.swift */,
				903C0865EA7C9B21F527AD2B /* StorageService.swift */,
				9B074E76041E9EC7204CF7CB /* VideoService.swift */,
			);
			path = Services;
			sourceTree = "<group>";
		};
		A4D7CC9D7842E9E226113B8A /* Views */ = {
			isa = PBXGroup;
			children = (
				5FD1185465F46C514C0C1EB7 /* FavoritesView.swift */,
				C1A4A333DE7FAED1A051D213 /* FeedView.swift */,
				2AF494B7D6C54F65443223AA /* ForgotPasswordView.swift */,
				E61B3CD8B2AE95FE77DAB47E /* LoginView.swift */,
				3677DAB15353510AEFB1955A /* MainTabView.swift */,
				C2F09ECEFD7C7241D359B4FE /* MessagingView.swift */,
				CC912AC210CDEA1876683890 /* ProfileView.swift */,
				D7C0DB08F76759299F2C1E07 /* PropertyCard.swift */,
				550A0C25BF6BBAD6428D3FFA /* PropertyDetailView.swift */,
				709827796D1507B16A6BE1D2 /* SearchView.swift */,
				DEE797E7CB9C539AEFC9DBDF /* SignUpView.swift */,
				A956998CC6385E5C2FFCF50A /* UploadPropertyView.swift */,
				B94691E9D6E5C332C6C6308B /* Components */,
			);
			path = Views;
			sourceTree = "<group>";
		};
		B94691E9D6E5C332C6C6308B /* Components */ = {
			isa = PBXGroup;
			children = (
				5E40D381A309E5C90871183C /* RangeSlider.swift */,
			);
			path = Components;
			sourceTree = "<group>";
		};
		BC6B3FBA3B4713AAF14C8D9F /* Products */ = {
			isa = PBXGroup;
			children = (
				DE1A238AF197967B729DDE13 /* Dwell.app */,
			);
			name = Products;
			sourceTree = "<group>";
		};
		E13967D8EB05F9F7240CBE59 = {
			isa = PBXGroup;
			children = (
				20F3E659C943ABD14E9338CA /* Assets.xcassets */,
				FD8CD5D5B02ADB09EE2AE771 /* Components */,
				D6454136BE477F8A1AFE03C2 /* Preview Content */,
				E30711E086A3D70DA1EEE39A /* Sources */,
				BC6B3FBA3B4713AAF14C8D9F /* Products */,
			);
			sourceTree = "<group>";
		};
		E30711E086A3D70DA1EEE39A /* Sources */ = {
			isa = PBXGroup;
			children = (
				0CB34B1D11B2EA1ECABF548B /* ContentView.swift */,
				34BBA9211280F18DA53EBD81 /* Dwell.swift */,
				1CFD4A03DFC3E003DF4BB3AC /* dwellapp.entitlements */,
				17ECE181BACD1DF13DA9B31B /* GoogleService-Info.plist */,
				0F97366136E9DDD3F3DB383E /* Info.plist */,
				E99D46746440A6FB25D86C0C /* Models */,
				821452B812981CADC308C189 /* Services */,
				04D5D988BD4E79F3037964C4 /* ViewModels */,
				A4D7CC9D7842E9E226113B8A /* Views */,
			);
			path = Sources;
			sourceTree = "<group>";
		};
		E99D46746440A6FB25D86C0C /* Models */ = {
			isa = PBXGroup;
			children = (
				FDF45122BB938591A2A3AA41 /* Message.swift */,
				F329338CFEFDD4A113F24719 /* Property.swift */,
				986F20FABFED12F4B8CF398C /* User.swift */,
			);
			path = Models;
			sourceTree = "<group>";
		};
/* End PBXGroup section */

/* Begin PBXNativeTarget section */
		8CD612AB728139FE331B07E2 /* Dwell */ = {
			isa = PBXNativeTarget;
			buildConfigurationList = E8DF52841856868CB39B7D44 /* Build configuration list for PBXNativeTarget "Dwell" */;
			buildPhases = (
				454C89091F5631746BDF3E2C /* Sources */,
				C56B478A8A277C101AE25503 /* Resources */,
				B7DF1AA610BF3FBA9D5F58A1 /* Frameworks */,
			);
			buildRules = (
			);
			dependencies = (
			);
			name = Dwell;
			packageProductDependencies = (
				2CA3193FB1303DF9BD838F2E /* FirebaseAuth */,
				518EC8BFFC18E0F5FBF5330F /* FirebaseFirestore */,
				2D579C2D5EA37C5AF669D5AE /* FirebaseFirestoreSwift */,
				F4E10EDAB954E43E0FC61236 /* FirebaseStorage */,
			);
			productName = Dwell;
			productReference = DE1A238AF197967B729DDE13 /* Dwell.app */;
			productType = "com.apple.product-type.application";
		};
/* End PBXNativeTarget section */

/* Begin PBXProject section */
		E713042D0CC2FA495C2C5EF5 /* Project object */ = {
			isa = PBXProject;
			attributes = {
				BuildIndependentTargetsInParallel = YES;
				LastUpgradeCheck = 1430;
				TargetAttributes = {
				};
			};
			buildConfigurationList = 8ABF9A191BDC2FA95864CC49 /* Build configuration list for PBXProject "Dwell" */;
			compatibilityVersion = "Xcode 14.0";
			developmentRegion = en;
			hasScannedForEncodings = 0;
			knownRegions = (
				Base,
				en,
			);
			mainGroup = E13967D8EB05F9F7240CBE59;
			packageReferences = (
				E9BF24A62B4CFC20F135E85B /* XCRemoteSwiftPackageReference "firebase-ios-sdk" */,
			);
			projectDirPath = "";
			projectRoot = "";
			targets = (
				8CD612AB728139FE331B07E2 /* Dwell */,
			);
		};
/* End PBXProject section */

/* Begin PBXResourcesBuildPhase section */
		C56B478A8A277C101AE25503 /* Resources */ = {
			isa = PBXResourcesBuildPhase;
			buildActionMask = 2147483647;
			files = (
				18D33D3E410BF50E3FDF9DAF /* Assets.xcassets in Resources */,
				54FF93A3605E5EAFBD816CE9 /* Components in Resources */,
				F49896E9059180271D741F20 /* GoogleService-Info.plist in Resources */,
				B5403C1ECB817C1974B31CAE /* Preview Content in Resources */,
			);
			runOnlyForDeploymentPostprocessing = 0;
		};
/* End PBXResourcesBuildPhase section */

/* Begin PBXSourcesBuildPhase section */
		454C89091F5631746BDF3E2C /* Sources */ = {
			isa = PBXSourcesBuildPhase;
			buildActionMask = 2147483647;
			files = (
				69D68BBF6C6B396E34FEA135 /* AuthService.swift in Sources */,
				8889DEF6385BF417A5633388 /* AuthViewModel.swift in Sources */,
				BD7104F38EE123D9D94DE7A0 /* ContentView.swift in Sources */,
				E62A845023DE88CD2426D00E /* DatabaseService.swift in Sources */,
				E4141D5B96DEE26AB766A992 /* Dwell.swift in Sources */,
				3914B6297DD0147D47CB257A /* FavoritesView.swift in Sources */,
				B23E84215A48721BAFA532AD /* FeedView.swift in Sources */,
				CBEAEE7D4ADC69A9F631B188 /* ForgotPasswordView.swift in Sources */,
				72983826B963666796BE4F5A /* LoginView.swift in Sources */,
				F746A3AF3252D7F46B76097B /* MainTabView.swift in Sources */,
				35FA61F372C1226799E0CBC9 /* Message.swift in Sources */,
				C1879154A29B35E802AC8EC7 /* MessagingView.swift in Sources */,
				3A9669E41AE2AEC9019B8902 /* MessagingViewModel.swift in Sources */,
				C09A1D1C116D5BDB8EE649F1 /* ProfileView.swift in Sources */,
				D26E8987C5192EAC47794451 /* ProfileViewModel.swift in Sources */,
				087109FB0764197B4A0ACF74 /* Property.swift in Sources */,
				5CCA056BE16BAFBF46814EA5 /* PropertyCard.swift in Sources */,
				CA7205119F9CAEF49F44801F /* PropertyDetailView.swift in Sources */,
				1A198D860247D8F20A8C0895 /* PropertyViewModel.swift in Sources */,
				9A6FBCBBAAB7716C7A140A70 /* RangeSlider.swift in Sources */,
				9B5F57ED973F24EBAD961F0D /* SearchView.swift in Sources */,
				DBE5D8FDE71A30640869FCDE /* SignUpView.swift in Sources */,
				C716B916EA828F6DF058C0A1 /* StorageService.swift in Sources */,
				54E2D22D02042FFDEF4544FE /* UploadPropertyView.swift in Sources */,
				8D60CDD283843800EC792083 /* User.swift in Sources */,
				70E9217A52F88F784B489947 /* VideoPlayerViewModel.swift in Sources */,
				945CDF7FBC4178F4CEE1057D /* VideoService.swift in Sources */,
			);
			runOnlyForDeploymentPostprocessing = 0;
		};
/* End PBXSourcesBuildPhase section */

/* Begin XCBuildConfiguration section */
		5B166BB0A2559FF2A3A737E2 /* Release */ = {
			isa = XCBuildConfiguration;
			buildSettings = {
				ALWAYS_SEARCH_USER_PATHS = NO;
				CLANG_ANALYZER_NONNULL = YES;
				CLANG_ANALYZER_NUMBER_OBJECT_CONVERSION = YES_AGGRESSIVE;
				CLANG_CXX_LANGUAGE_STANDARD = "gnu++14";
				CLANG_CXX_LIBRARY = "libc++";
				CLANG_ENABLE_MODULES = YES;
				CLANG_ENABLE_OBJC_ARC = YES;
				CLANG_ENABLE_OBJC_WEAK = YES;
				CLANG_WARN_BLOCK_CAPTURE_AUTORELEASING = YES;
				CLANG_WARN_BOOL_CONVERSION = YES;
				CLANG_WARN_COMMA = YES;
				CLANG_WARN_CONSTANT_CONVERSION = YES;
				CLANG_WARN_DEPRECATED_OBJC_IMPLEMENTATIONS = YES;
				CLANG_WARN_DIRECT_OBJC_ISA_USAGE = YES_ERROR;
				CLANG_WARN_DOCUMENTATION_COMMENTS = YES;
				CLANG_WARN_EMPTY_BODY = YES;
				CLANG_WARN_ENUM_CONVERSION = YES;
				CLANG_WARN_INFINITE_RECURSION = YES;
				CLANG_WARN_INT_CONVERSION = YES;
				CLANG_WARN_NON_LITERAL_NULL_CONVERSION = YES;
				CLANG_WARN_OBJC_IMPLICIT_RETAIN_SELF = YES;
				CLANG_WARN_OBJC_LITERAL_CONVERSION = YES;
				CLANG_WARN_OBJC_ROOT_CLASS = YES_ERROR;
				CLANG_WARN_QUOTED_INCLUDE_IN_FRAMEWORK_HEADER = YES;
				CLANG_WARN_RANGE_LOOP_ANALYSIS = YES;
				CLANG_WARN_STRICT_PROTOTYPES = YES;
				CLANG_WARN_SUSPICIOUS_MOVE = YES;
				CLANG_WARN_UNGUARDED_AVAILABILITY = YES_AGGRESSIVE;
				CLANG_WARN_UNREACHABLE_CODE = YES;
				CLANG_WARN__DUPLICATE_METHOD_MATCH = YES;
				COPY_PHASE_STRIP = NO;
				DEBUG_INFORMATION_FORMAT = "dwarf-with-dsym";
				ENABLE_NS_ASSERTIONS = NO;
				ENABLE_STRICT_OBJC_MSGSEND = YES;
				GCC_C_LANGUAGE_STANDARD = gnu11;
				GCC_NO_COMMON_BLOCKS = YES;
				GCC_WARN_64_TO_32_BIT_CONVERSION = YES;
				GCC_WARN_ABOUT_RETURN_TYPE = YES_ERROR;
				GCC_WARN_UNDECLARED_SELECTOR = YES;
				GCC_WARN_UNINITIALIZED_AUTOS = YES_AGGRESSIVE;
				GCC_WARN_UNUSED_FUNCTION = YES;
				GCC_WARN_UNUSED_VARIABLE = YES;
				IPHONEOS_DEPLOYMENT_TARGET = 16.0;
				MTL_ENABLE_DEBUG_INFO = NO;
				MTL_FAST_MATH = YES;
				PRODUCT_NAME = "$(TARGET_NAME)";
				SDKROOT = iphoneos;
				SWIFT_COMPILATION_MODE = wholemodule;
				SWIFT_OPTIMIZATION_LEVEL = "-O";
				SWIFT_VERSION = 5.0;
			};
			name = Release;
		};
		6204790385A2AE895B466DAA /* Debug */ = {
			isa = XCBuildConfiguration;
			buildSettings = {
				ALWAYS_SEARCH_USER_PATHS = NO;
				CLANG_ANALYZER_NONNULL = YES;
				CLANG_ANALYZER_NUMBER_OBJECT_CONVERSION = YES_AGGRESSIVE;
				CLANG_CXX_LANGUAGE_STANDARD = "gnu++14";
				CLANG_CXX_LIBRARY = "libc++";
				CLANG_ENABLE_MODULES = YES;
				CLANG_ENABLE_OBJC_ARC = YES;
				CLANG_ENABLE_OBJC_WEAK = YES;
				CLANG_WARN_BLOCK_CAPTURE_AUTORELEASING = YES;
				CLANG_WARN_BOOL_CONVERSION = YES;
				CLANG_WARN_COMMA = YES;
				CLANG_WARN_CONSTANT_CONVERSION = YES;
				CLANG_WARN_DEPRECATED_OBJC_IMPLEMENTATIONS = YES;
				CLANG_WARN_DIRECT_OBJC_ISA_USAGE = YES_ERROR;
				CLANG_WARN_DOCUMENTATION_COMMENTS = YES;
				CLANG_WARN_EMPTY_BODY = YES;
				CLANG_WARN_ENUM_CONVERSION = YES;
				CLANG_WARN_INFINITE_RECURSION = YES;
				CLANG_WARN_INT_CONVERSION = YES;
				CLANG_WARN_NON_LITERAL_NULL_CONVERSION = YES;
				CLANG_WARN_OBJC_IMPLICIT_RETAIN_SELF = YES;
				CLANG_WARN_OBJC_LITERAL_CONVERSION = YES;
				CLANG_WARN_OBJC_ROOT_CLASS = YES_ERROR;
				CLANG_WARN_QUOTED_INCLUDE_IN_FRAMEWORK_HEADER = YES;
				CLANG_WARN_RANGE_LOOP_ANALYSIS = YES;
				CLANG_WARN_STRICT_PROTOTYPES = YES;
				CLANG_WARN_SUSPICIOUS_MOVE = YES;
				CLANG_WARN_UNGUARDED_AVAILABILITY = YES_AGGRESSIVE;
				CLANG_WARN_UNREACHABLE_CODE = YES;
				CLANG_WARN__DUPLICATE_METHOD_MATCH = YES;
				COPY_PHASE_STRIP = NO;
				DEBUG_INFORMATION_FORMAT = dwarf;
				ENABLE_STRICT_OBJC_MSGSEND = YES;
				ENABLE_TESTABILITY = YES;
				GCC_C_LANGUAGE_STANDARD = gnu11;
				GCC_DYNAMIC_NO_PIC = NO;
				GCC_NO_COMMON_BLOCKS = YES;
				GCC_OPTIMIZATION_LEVEL = 0;
				GCC_PREPROCESSOR_DEFINITIONS = (
					"$(inherited)",
					"DEBUG=1",
				);
				GCC_WARN_64_TO_32_BIT_CONVERSION = YES;
				GCC_WARN_ABOUT_RETURN_TYPE = YES_ERROR;
				GCC_WARN_UNDECLARED_SELECTOR = YES;
				GCC_WARN_UNINITIALIZED_AUTOS = YES_AGGRESSIVE;
				GCC_WARN_UNUSED_FUNCTION = YES;
				GCC_WARN_UNUSED_VARIABLE = YES;
				IPHONEOS_DEPLOYMENT_TARGET = 16.0;
				MTL_ENABLE_DEBUG_INFO = INCLUDE_SOURCE;
				MTL_FAST_MATH = YES;
				ONLY_ACTIVE_ARCH = YES;
				PRODUCT_NAME = "$(TARGET_NAME)";
				SDKROOT = iphoneos;
				SWIFT_ACTIVE_COMPILATION_CONDITIONS = DEBUG;
				SWIFT_OPTIMIZATION_LEVEL = "-Onone";
				SWIFT_VERSION = 5.0;
			};
			name = Debug;
		};
		7B1D7FAF5B78645AB2BAD20A /* Debug */ = {
			isa = XCBuildConfiguration;
			buildSettings = {
				ASSETCATALOG_COMPILER_APPICON_NAME = AppIcon;
				CODE_SIGN_IDENTITY = "iPhone Developer";
				CURRENT_PROJECT_VERSION = 1;
				DEVELOPMENT_ASSET_PATHS = "Sources/Preview\\ Content";
				INFOPLIST_FILE = Sources/Info.plist;
				LD_RUNPATH_SEARCH_PATHS = (
					"$(inherited)",
					"@executable_path/Frameworks",
				);
				MARKETING_VERSION = 1.0.0;
				PRODUCT_BUNDLE_IDENTIFIER = com.gauntletai.dwell;
				SDKROOT = iphoneos;
				TARGETED_DEVICE_FAMILY = "1,2";
			};
			name = Debug;
		};
		D927CD6B1027CED600A9B413 /* Release */ = {
			isa = XCBuildConfiguration;
			buildSettings = {
				ASSETCATALOG_COMPILER_APPICON_NAME = AppIcon;
				CODE_SIGN_IDENTITY = "iPhone Developer";
				CURRENT_PROJECT_VERSION = 1;
				DEVELOPMENT_ASSET_PATHS = "Sources/Preview\\ Content";
				INFOPLIST_FILE = Sources/Info.plist;
				LD_RUNPATH_SEARCH_PATHS = (
					"$(inherited)",
					"@executable_path/Frameworks",
				);
				MARKETING_VERSION = 1.0.0;
				PRODUCT_BUNDLE_IDENTIFIER = com.gauntletai.dwell;
				SDKROOT = iphoneos;
				TARGETED_DEVICE_FAMILY = "1,2";
			};
			name = Release;
		};
/* End XCBuildConfiguration section */

/* Begin XCConfigurationList section */
		8ABF9A191BDC2FA95864CC49 /* Build configuration list for PBXProject "Dwell" */ = {
			isa = XCConfigurationList;
			buildConfigurations = (
				6204790385A2AE895B466DAA /* Debug */,
				5B166BB0A2559FF2A3A737E2 /* Release */,
			);
			defaultConfigurationIsVisible = 0;
			defaultConfigurationName = Debug;
		};
		E8DF52841856868CB39B7D44 /* Build configuration list for PBXNativeTarget "Dwell" */ = {
			isa = XCConfigurationList;
			buildConfigurations = (
				7B1D7FAF5B78645AB2BAD20A /* Debug */,
				D927CD6B1027CED600A9B413 /* Release */,
			);
			defaultConfigurationIsVisible = 0;
			defaultConfigurationName = Debug;
		};
/* End XCConfigurationList section */

/* Begin XCRemoteSwiftPackageReference section */
		E9BF24A62B4CFC20F135E85B /* XCRemoteSwiftPackageReference "firebase-ios-sdk" */ = {
			isa = XCRemoteSwiftPackageReference;
			repositoryURL = "https://github.com/firebase/firebase-ios-sdk.git";
			requirement = {
				kind = upToNextMajorVersion;
				minimumVersion = 10.21.0;
			};
		};
/* End XCRemoteSwiftPackageReference section */

/* Begin XCSwiftPackageProductDependency section */
		2CA3193FB1303DF9BD838F2E /* FirebaseAuth */ = {
			isa = XCSwiftPackageProductDependency;
			package = E9BF24A62B4CFC20F135E85B /* XCRemoteSwiftPackageReference "firebase-ios-sdk" */;
			productName = FirebaseAuth;
		};
		2D579C2D5EA37C5AF669D5AE /* FirebaseFirestoreSwift */ = {
			isa = XCSwiftPackageProductDependency;
			package = E9BF24A62B4CFC20F135E85B /* XCRemoteSwiftPackageReference "firebase-ios-sdk" */;
			productName = FirebaseFirestoreSwift;
		};
		518EC8BFFC18E0F5FBF5330F /* FirebaseFirestore */ = {
			isa = XCSwiftPackageProductDependency;
			package = E9BF24A62B4CFC20F135E85B /* XCRemoteSwiftPackageReference "firebase-ios-sdk" */;
			productName = FirebaseFirestore;
		};
		F4E10EDAB954E43E0FC61236 /* FirebaseStorage */ = {
			isa = XCSwiftPackageProductDependency;
			package = E9BF24A62B4CFC20F135E85B /* XCRemoteSwiftPackageReference "firebase-ios-sdk" */;
			productName = FirebaseStorage;
		};
/* End XCSwiftPackageProductDependency section */
	};
	rootObject = E713042D0CC2FA495C2C5EF5 /* Project object */;
}
